# THIS IS AN AUTOGENERATED FILE. DO NOT EDIT THIS FILE DIRECTLY.
# yarn lockfile v1


"@bytesberry/greetings@^1.2.2":
  version "1.2.2"
  resolved "https://registry.yarnpkg.com/@bytesberry/greetings/-/greetings-1.2.2.tgz#00c064b12247d30496dcf00803419f2d9714907e"
  integrity sha512-Z85bnX9cvnxmTA5PaKvw1OPtNww9GUx3jeThh8CWwjaV6QippoYaPiMae74OF92s0rgP2VmGLlYpOYA2myG2IA==
